
Microsoft Visual Studio Solution File, Format Version 12.00
# Visual Studio Version 17
VisualStudioVersion = 17.0.32014.148
MinimumVisualStudioVersion = 10.0.40219.1
Project("{FAE04EC0-301F-11D3-BF4B-00C04F79EFBC}") = "AddingNumbersFromN-M", "AddingNumbersFromN-M\AddingNumbersFromN-M.csproj", "{1DC6FBAE-9F35-4BCB-A877-FCB3360CF791}"
EndProject
Global
	GlobalSection(SolutionConfigurationPlatforms) = preSolution
		Debug|Any CPU = Debug|Any CPU
		Release|Any CPU = Release|Any CPU
	EndGlobalSection
	GlobalSection(ProjectConfigurationPlatforms) = postSolution
		{1DC6FBAE-9F35-4BCB-A877-FCB3360CF791}.Debug|Any CPU.ActiveCfg = Debug|Any CPU
		{1DC6FBAE-9F35-4BCB-A877-FCB3360CF791}.Debug|Any CPU.Build.0 = Debug|Any CPU
		{1DC6FBAE-9F35-4BCB-A877-FCB3360CF791}.Release|Any CPU.ActiveCfg = Release|Any CPU
		{1DC6FBAE-9F35-4BCB-A877-FCB3360CF791}.Release|Any CPU.Build.0 = Release|Any CPU
	EndGlobalSection
	GlobalSection(SolutionProperties) = preSolution
		HideSolutionNode = FALSE
	EndGlobalSection
	GlobalSection(ExtensibilityGlobals) = postSolution
		SolutionGuid = {6E7E607B-8EA9-4430-8DD2-AE406680C088}
	EndGlobalSection
EndGlobal
